
Microsoft Visual Studio Solution File, Format Version 12.00
# Visual Studio Version 16
VisualStudioVersion = 16.0.32602.291
MinimumVisualStudioVersion = 10.0.40219.1
Project("{FAE04EC0-301F-11D3-BF4B-00C04F79EFBC}") = "ClienteRestCsharp", "ClienteRestCsharp\ClienteRestCsharp.csproj", "{512AC0DB-DDF1-40C7-91CC-FEDAB5460B71}"
EndProject
Global
	GlobalSection(SolutionConfigurationPlatforms) = preSolution
		Debug|Any CPU = Debug|Any CPU
		Release|Any CPU = Release|Any CPU
	EndGlobalSection
	GlobalSection(ProjectConfigurationPlatforms) = postSolution
		{512AC0DB-DDF1-40C7-91CC-FEDAB5460B71}.Debug|Any CPU.ActiveCfg = Debug|Any CPU
		{512AC0DB-DDF1-40C7-91CC-FEDAB5460B71}.Debug|Any CPU.Build.0 = Debug|Any CPU
		{512AC0DB-DDF1-40C7-91CC-FEDAB5460B71}.Release|Any CPU.ActiveCfg = Release|Any CPU
		{512AC0DB-DDF1-40C7-91CC-FEDAB5460B71}.Release|Any CPU.Build.0 = Release|Any CPU
	EndGlobalSection
	GlobalSection(SolutionProperties) = preSolution
		HideSolutionNode = FALSE
	EndGlobalSection
	GlobalSection(ExtensibilityGlobals) = postSolution
		SolutionGuid = {E704EDA7-66FE-4AAC-9452-8E7C06BE4863}
	EndGlobalSection
EndGlobal
